// !$*UTF8*$!
{
	archiveVersion = 1;
	classes = {
	};
	objectVersion = 50;
	objects = {

/* Begin PBXBuildFile section */
		D41B7D6622B3D78900430428 /* AppDelegate.m in Sources */ = {isa = PBXBuildFile; fileRef = D41B7D6522B3D78900430428 /* AppDelegate.m */; };
		D41B7D6922B3D78900430428 /* ViewController.m in Sources */ = {isa = PBXBuildFile; fileRef = D41B7D6822B3D78900430428 /* ViewController.m */; };
		D41B7D6C22B3D78900430428 /* Main.storyboard in Resources */ = {isa = PBXBuildFile; fileRef = D41B7D6A22B3D78900430428 /* Main.storyboard */; };
		D41B7D6E22B3D78A00430428 /* Assets.xcassets in Resources */ = {isa = PBXBuildFile; fileRef = D41B7D6D22B3D78A00430428 /* Assets.xcassets */; };
		D41B7D7122B3D78A00430428 /* LaunchScreen.storyboard in Resources */ = {isa = PBXBuildFile; fileRef = D41B7D6F22B3D78A00430428 /* LaunchScreen.storyboard */; };
		D41B7D7422B3D78A00430428 /* main.m in Sources */ = {isa = PBXBuildFile; fileRef = D41B7D7322B3D78A00430428 /* main.m */; };
		D44300BB22B3F069007BE85D /* MasterContainer.m in Sources */ = {isa = PBXBuildFile; fileRef = D44300BA22B3F069007BE85D /* MasterContainer.m */; };
		D443010722B78CE7007BE85D /* MasterContainerButton.m in Sources */ = {isa = PBXBuildFile; fileRef = D443010622B78CE7007BE85D /* MasterContainerButton.m */; };
/* End PBXBuildFile section */

/* Begin PBXFileReference section */
		D41B7D6122B3D78900430428 /* CustomContainerController.app */ = {isa = PBXFileReference; explicitFileType = wrapper.application; includeInIndex = 0; path = CustomContainerController.app; sourceTree = BUILT_PRODUCTS_DIR; };
		D41B7D6422B3D78900430428 /* AppDelegate.h */ = {isa = PBXFileReference; lastKnownFileType = sourcecode.c.h; path = AppDelegate.h; sourceTree = "<group>"; };
		D41B7D6522B3D78900430428 /* AppDelegate.m */ = {isa = PBXFileReference; lastKnownFileType = sourcecode.c.objc; path = AppDelegate.m; sourceTree = "<group>"; };
		D41B7D6722B3D78900430428 /* ViewController.h */ = {isa = PBXFileReference; lastKnownFileType = sourcecode.c.h; path = ViewController.h; sourceTree = "<group>"; };
		D41B7D6822B3D78900430428 /* ViewController.m */ = {isa = PBXFileReference; lastKnownFileType = sourcecode.c.objc; path = ViewController.m; sourceTree = "<group>"; };
		D41B7D6B22B3D78900430428 /* Base */ = {isa = PBXFileReference; lastKnownFileType = file.storyboard; name = Base; path = Base.lproj/Main.storyboard; sourceTree = "<group>"; };
		D41B7D6D22B3D78A00430428 /* Assets.xcassets */ = {isa = PBXFileReference; lastKnownFileType = folder.assetcatalog; path = Assets.xcassets; sourceTree = "<group>"; };
		D41B7D7022B3D78A00430428 /* Base */ = {isa = PBXFileReference; lastKnownFileType = file.storyboard; name = Base; path = Base.lproj/LaunchScreen.storyboard; sourceTree = "<group>"; };
		D41B7D7222B3D78A00430428 /* Info.plist */ = {isa = PBXFileReference; lastKnownFileType = text.plist.xml; path = Info.plist; sourceTree = "<group>"; };
		D41B7D7322B3D78A00430428 /* main.m */ = {isa = PBXFileReference; lastKnownFileType = sourcecode.c.objc; path = main.m; sourceTree = "<group>"; };
		D44300B922B3F069007BE85D /* MasterContainer.h */ = {isa = PBXFileReference; lastKnownFileType = sourcecode.c.h; path = MasterContainer.h; sourceTree = "<group>"; };
		D44300BA22B3F069007BE85D /* MasterContainer.m */ = {isa = PBXFileReference; lastKnownFileType = sourcecode.c.objc; path = MasterContainer.m; sourceTree = "<group>"; };
		D443010522B78CE7007BE85D /* MasterContainerButton.h */ = {isa = PBXFileReference; lastKnownFileType = sourcecode.c.h; path = MasterContainerButton.h; sourceTree = "<group>"; };
		D443010622B78CE7007BE85D /* MasterContainerButton.m */ = {isa = PBXFileReference; lastKnownFileType = sourcecode.c.objc; path = MasterContainerButton.m; sourceTree = "<group>"; };
/* End PBXFileReference section */

/* Begin PBXFrameworksBuildPhase section */
		D41B7D5E22B3D78900430428 /* Frameworks */ = {
			isa = PBXFrameworksBuildPhase;
			buildActionMask = 2147483647;
			files = (
			);
			runOnlyForDeploymentPostprocessing = 0;
		};
/* End PBXFrameworksBuildPhase section */

/* Begin PBXGroup section */
		D41B7D5822B3D78900430428 = {
			isa = PBXGroup;
			children = (
				D41B7D6322B3D78900430428 /* CustomContainerController */,
				D41B7D6222B3D78900430428 /* Products */,
			);
			sourceTree = "<group>";
		};
		D41B7D6222B3D78900430428 /* Products */ = {
			isa = PBXGroup;
			children = (
				D41B7D6122B3D78900430428 /* CustomContainerController.app */,
			);
			name = Products;
			sourceTree = "<group>";
		};
		D41B7D6322B3D78900430428 /* CustomContainerController */ = {
			isa = PBXGroup;
			children = (
				D443010422B78CBA007BE85D /* MyContainerController */,
				D41B7D6422B3D78900430428 /* AppDelegate.h */,
				D41B7D6522B3D78900430428 /* AppDelegate.m */,
				D41B7D6722B3D78900430428 /* ViewController.h */,
				D41B7D6822B3D78900430428 /* ViewController.m */,
				D41B7D6A22B3D78900430428 /* Main.storyboard */,
				D41B7D6D22B3D78A00430428 /* Assets.xcassets */,
				D41B7D6F22B3D78A00430428 /* LaunchScreen.storyboard */,
				D41B7D7222B3D78A00430428 /* Info.plist */,
				D41B7D7322B3D78A00430428 /* main.m */,
			);
			path = CustomContainerController;
			sourceTree = "<group>";
		};
		D443010422B78CBA007BE85D /* MyContainerController */ = {
			isa = PBXGroup;
			children = (
				D44300B922B3F069007BE85D /* MasterContainer.h */,
				D44300BA22B3F069007BE85D /* MasterContainer.m */,
				D443010522B78CE7007BE85D /* MasterContainerButton.h */,
				D443010622B78CE7007BE85D /* MasterContainerButton.m */,
			);
			name = MyContainerController;
			sourceTree = "<group>";
		};
/* End PBXGroup section */

/* Begin PBXNativeTarget section */
		D41B7D6022B3D78900430428 /* CustomContainerController */ = {
			isa = PBXNativeTarget;
			buildConfigurationList = D41B7D7722B3D78A00430428 /* Build configuration list for PBXNativeTarget "CustomContainerController" */;
			buildPhases = (
				D41B7D5D22B3D78900430428 /* Sources */,
				D41B7D5E22B3D78900430428 /* Frameworks */,
				D41B7D5F22B3D78900430428 /* Resources */,
			);
			buildRules = (
			);
			dependencies = (
			);
			name = CustomContainerController;
			productName = CustomContainerController;
			productReference = D41B7D6122B3D78900430428 /* CustomContainerController.app */;
			productType = "com.apple.product-type.application";
		};
/* End PBXNativeTarget section */

/* Begin PBXProject section */
		D41B7D5922B3D78900430428 /* Project object */ = {
			isa = PBXProject;
			attributes = {
				LastUpgradeCheck = 1020;
				ORGANIZATIONNAME = "Gagik Avetisyan";
				TargetAttributes = {
					D41B7D6022B3D78900430428 = {
						CreatedOnToolsVersion = 10.2.1;
					};
				};
			};
			buildConfigurationList = D41B7D5C22B3D78900430428 /* Build configuration list for PBXProject "CustomContainerController" */;
			compatibilityVersion = "Xcode 9.3";
			developmentRegion = en;
			hasScannedForEncodings = 0;
			knownRegions = (
				en,
				Base,
			);
			mainGroup = D41B7D5822B3D78900430428;
			productRefGroup = D41B7D6222B3D78900430428 /* Products */;
			projectDirPath = "";
			projectRoot = "";
			targets = (
				D41B7D6022B3D78900430428 /* CustomContainerController */,
			);
		};
/* End PBXProject section */

/* Begin PBXResourcesBuildPhase section */
		D41B7D5F22B3D78900430428 /* Resources */ = {
			isa = PBXResourcesBuildPhase;
			buildActionMask = 2147483647;
			files = (
				D41B7D7122B3D78A00430428 /* LaunchScreen.storyboard in Resources */,
				D41B7D6E22B3D78A00430428 /* Assets.xcassets in Resources */,
				D41B7D6C22B3D78900430428 /* Main.storyboard in Resources */,
			);
			runOnlyForDeploymentPostprocessing = 0;
		};
/* End PBXResourcesBuildPhase section */

/* Begin PBXSourcesBuildPhase section */
		D41B7D5D22B3D78900430428 /* Sources */ = {
			isa = PBXSourcesBuildPhase;
			buildActionMask = 2147483647;
			files = (
				D41B7D6922B3D78900430428 /* ViewController.m in Sources */,
				D41B7D7422B3D78A00430428 /* main.m in Sources */,
				D443010722B78CE7007BE85D /* MasterContainerButton.m in Sources */,
				D41B7D6622B3D78900430428 /* AppDelegate.m in Sources */,
				D44300BB22B3F069007BE85D /* MasterContainer.m in Sources */,
			);
			runOnlyForDeploymentPostprocessing = 0;
		};
/* End PBXSourcesBuildPhase section */

/* Begin PBXVariantGroup section */
		D41B7D6A22B3D78900430428 /* Main.storyboard */ = {
			isa = PBXVariantGroup;
			children = (
				D41B7D6B22B3D78900430428 /* Base */,
			);
			name = Main.storyboard;
			sourceTree = "<group>";
		};
		D41B7D6F22B3D78A00430428 /* LaunchScreen.storyboard */ = {
			isa = PBXVariantGroup;
			children = (
				D41B7D7022B3D78A00430428 /* Base */,
			);
			name = LaunchScreen.storyboard;
			sourceTree = "<group>";
		};
/* End PBXVariantGroup section */

/* Begin XCBuildConfiguration section */
		D41B7D7522B3D78A00430428 /* Debug */ = {
			isa = XCBuildConfiguration;
			buildSettings = {
				ALWAYS_SEARCH_USER_PATHS = NO;
				CLANG_ANALYZER_NONNULL = YES;
				CLANG_ANALYZER_NUMBER_OBJECT_CONVERSION = YES_AGGRESSIVE;
				CLANG_CXX_LANGUAGE_STANDARD = "gnu++14";
				CLANG_CXX_LIBRARY = "libc++";
				CLANG_ENABLE_MODULES = YES;
				CLANG_ENABLE_OBJC_ARC = YES;
				CLANG_ENABLE_OBJC_WEAK = YES;
				CLANG_WARN_BLOCK_CAPTURE_AUTORELEASING = YES;
				CLANG_WARN_BOOL_CONVERSION = YES;
				CLANG_WARN_COMMA = YES;
				CLANG_WARN_CONSTANT_CONVERSION = YES;
				CLANG_WARN_DEPRECATED_OBJC_IMPLEMENTATIONS = YES;
				CLANG_WARN_DIRECT_OBJC_ISA_USAGE = YES_ERROR;
				CLANG_WARN_DOCUMENTATION_COMMENTS = YES;
				CLANG_WARN_EMPTY_BODY = YES;
				CLANG_WARN_ENUM_CONVERSION = YES;
				CLANG_WARN_INFINITE_RECURSION = YES;
				CLANG_WARN_INT_CONVERSION = YES;
				CLANG_WARN_NON_LITERAL_NULL_CONVERSION = YES;
				CLANG_WARN_OBJC_IMPLICIT_RETAIN_SELF = YES;
				CLANG_WARN_OBJC_LITERAL_CONVERSION = YES;
				CLANG_WARN_OBJC_ROOT_CLASS = YES_ERROR;
				CLANG_WARN_RANGE_LOOP_ANALYSIS = YES;
				CLANG_WARN_STRICT_PROTOTYPES = YES;
				CLANG_WARN_SUSPICIOUS_MOVE = YES;
				CLANG_WARN_UNGUARDED_AVAILABILITY = YES_AGGRESSIVE;
				CLANG_WARN_UNREACHABLE_CODE = YES;
				CLANG_WARN__DUPLICATE_METHOD_MATCH = YES;
				CODE_SIGN_IDENTITY = "iPhone Developer";
				COPY_PHASE_STRIP = NO;
				DEBUG_INFORMATION_FORMAT = dwarf;
				ENABLE_STRICT_OBJC_MSGSEND = YES;
				ENABLE_TESTABILITY = YES;
				GCC_C_LANGUAGE_STANDARD = gnu11;
				GCC_DYNAMIC_NO_PIC = NO;
				GCC_NO_COMMON_BLOCKS = YES;
				GCC_OPTIMIZATION_LEVEL = 0;
				GCC_PREPROCESSOR_DEFINITIONS = (
					"DEBUG=1",
					"$(inherited)",
				);
				GCC_WARN_64_TO_32_BIT_CONVERSION = YES;
				GCC_WARN_ABOUT_RETURN_TYPE = YES_ERROR;
				GCC_WARN_UNDECLARED_SELECTOR = YES;
				GCC_WARN_UNINITIALIZED_AUTOS = YES_AGGRESSIVE;
				GCC_WARN_UNUSED_FUNCTION = YES;
				GCC_WARN_UNUSED_VARIABLE = YES;
				IPHONEOS_DEPLOYMENT_TARGET = 12.2;
				MTL_ENABLE_DEBUG_INFO = INCLUDE_SOURCE;
				MTL_FAST_MATH = YES;
				ONLY_ACTIVE_ARCH = YES;
				SDKROOT = iphoneos;
			};
			name = Debug;
		};
		D41B7D7622B3D78A00430428 /* Release */ = {
			isa = XCBuildConfiguration;
			buildSettings = {
				ALWAYS_SEARCH_USER_PATHS = NO;
				CLANG_ANALYZER_NONNULL = YES;
				CLANG_ANALYZER_NUMBER_OBJECT_CONVERSION = YES_AGGRESSIVE;
				CLANG_CXX_LANGUAGE_STANDARD = "gnu++14";
				CLANG_CXX_LIBRARY = "libc++";
				CLANG_ENABLE_MODULES = YES;
				CLANG_ENABLE_OBJC_ARC = YES;
				CLANG_ENABLE_OBJC_WEAK = YES;
				CLANG_WARN_BLOCK_CAPTURE_AUTORELEASING = YES;
				CLANG_WARN_BOOL_CONVERSION = YES;
				CLANG_WARN_COMMA = YES;
				CLANG_WARN_CONSTANT_CONVERSION = YES;
				CLANG_WARN_DEPRECATED_OBJC_IMPLEMENTATIONS = YES;
				CLANG_WARN_DIRECT_OBJC_ISA_USAGE = YES_ERROR;
				CLANG_WARN_DOCUMENTATION_COMMENTS = YES;
				CLANG_WARN_EMPTY_BODY = YES;
				CLANG_WARN_ENUM_CONVERSION = YES;
				CLANG_WARN_INFINITE_RECURSION = YES;
				CLANG_WARN_INT_CONVERSION = YES;
				CLANG_WARN_NON_LITERAL_NULL_CONVERSION = YES;
				CLANG_WARN_OBJC_IMPLICIT_RETAIN_SELF = YES;
				CLANG_WARN_OBJC_LITERAL_CONVERSION = YES;
				CLANG_WARN_OBJC_ROOT_CLASS = YES_ERROR;
				CLANG_WARN_RANGE_LOOP_ANALYSIS = YES;
				CLANG_WARN_STRICT_PROTOTYPES = YES;
				CLANG_WARN_SUSPICIOUS_MOVE = YES;
				CLANG_WARN_UNGUARDED_AVAILABILITY = YES_AGGRESSIVE;
				CLANG_WARN_UNREACHABLE_CODE = YES;
				CLANG_WARN__DUPLICATE_METHOD_MATCH = YES;
				CODE_SIGN_IDENTITY = "iPhone Developer";
				COPY_PHASE_STRIP = NO;
				DEBUG_INFORMATION_FORMAT = "dwarf-with-dsym";
				ENABLE_NS_ASSERTIONS = NO;
				ENABLE_STRICT_OBJC_MSGSEND = YES;
				GCC_C_LANGUAGE_STANDARD = gnu11;
				GCC_NO_COMMON_BLOCKS = YES;
				GCC_WARN_64_TO_32_BIT_CONVERSION = YES;
				GCC_WARN_ABOUT_RETURN_TYPE = YES_ERROR;
				GCC_WARN_UNDECLARED_SELECTOR = YES;
				GCC_WARN_UNINITIALIZED_AUTOS = YES_AGGRESSIVE;
				GCC_WARN_UNUSED_FUNCTION = YES;
				GCC_WARN_UNUSED_VARIABLE = YES;
				IPHONEOS_DEPLOYMENT_TARGET = 12.2;
				MTL_ENABLE_DEBUG_INFO = NO;
				MTL_FAST_MATH = YES;
				SDKROOT = iphoneos;
				VALIDATE_PRODUCT = YES;
			};
			name = Release;
		};
		D41B7D7822B3D78A00430428 /* Debug */ = {
			isa = XCBuildConfiguration;
			buildSettings = {
				ASSETCATALOG_COMPILER_APPICON_NAME = AppIcon;
				CODE_SIGN_STYLE = Automatic;
				DEVELOPMENT_TEAM = 64FJ833QL3;
				INFOPLIST_FILE = CustomContainerController/Info.plist;
				LD_RUNPATH_SEARCH_PATHS = (
					"$(inherited)",
					"@executable_path/Frameworks",
				);
				PRODUCT_BUNDLE_IDENTIFIER = com.TheEska.CustomContainerController;
				PRODUCT_NAME = "$(TARGET_NAME)";
				TARGETED_DEVICE_FAMILY = "1,2";
			};
			name = Debug;
		};
		D41B7D7922B3D78A00430428 /* Release */ = {
			isa = XCBuildConfiguration;
			buildSettings = {
				ASSETCATALOG_COMPILER_APPICON_NAME = AppIcon;
				CODE_SIGN_STYLE = Automatic;
				DEVELOPMENT_TEAM = 64FJ833QL3;
				INFOPLIST_FILE = CustomContainerController/Info.plist;
				LD_RUNPATH_SEARCH_PATHS = (
					"$(inherited)",
					"@executable_path/Frameworks",
				);
				PRODUCT_BUNDLE_IDENTIFIER = com.TheEska.CustomContainerController;
				PRODUCT_NAME = "$(TARGET_NAME)";
				TARGETED_DEVICE_FAMILY = "1,2";
			};
			name = Release;
		};
/* End XCBuildConfiguration section */

/* Begin XCConfigurationList section */
		D41B7D5C22B3D78900430428 /* Build configuration list for PBXProject "CustomContainerController" */ = {
			isa = XCConfigurationList;
			buildConfigurations = (
				D41B7D7522B3D78A00430428 /* Debug */,
				D41B7D7622B3D78A00430428 /* Release */,
			);
			defaultConfigurationIsVisible = 0;
			defaultConfigurationName = Release;
		};
		D41B7D7722B3D78A00430428 /* Build configuration list for PBXNativeTarget "CustomContainerController" */ = {
			isa = XCConfigurationList;
			buildConfigurations = (
				D41B7D7822B3D78A00430428 /* Debug */,
				D41B7D7922B3D78A00430428 /* Release */,
			);
			defaultConfigurationIsVisible = 0;
			defaultConfigurationName = Release;
		};
/* End XCConfigurationList section */
	};
	rootObject = D41B7D5922B3D78900430428 /* Project object */;
}
